
Microsoft Visual Studio Solution File, Format Version 12.00
# Visual Studio 14
VisualStudioVersion = 14.0.25420.1
MinimumVisualStudioVersion = 10.0.40219.1
Project("{FAE04EC0-301F-11D3-BF4B-00C04F79EFBC}") = "orcid-oauth-2", "app\orcid-oauth-2.csproj", "{9BA936D3-187D-49B9-B709-80FA1C346056}"
EndProject
Global
	GlobalSection(SolutionConfigurationPlatforms) = preSolution
		Debug|Any CPU = Debug|Any CPU
		Release|Any CPU = Release|Any CPU
	EndGlobalSection
	GlobalSection(ProjectConfigurationPlatforms) = postSolution
		{9BA936D3-187D-49B9-B709-80FA1C346056}.Debug|Any CPU.ActiveCfg = Debug|Any CPU
		{9BA936D3-187D-49B9-B709-80FA1C346056}.Debug|Any CPU.Build.0 = Debug|Any CPU
		{9BA936D3-187D-49B9-B709-80FA1C346056}.Release|Any CPU.ActiveCfg = Release|Any CPU
		{9BA936D3-187D-49B9-B709-80FA1C346056}.Release|Any CPU.Build.0 = Release|Any CPU
	EndGlobalSection
	GlobalSection(SolutionProperties) = preSolution
		HideSolutionNode = FALSE
	EndGlobalSection
EndGlobal
